
Microsoft Visual Studio Solution File, Format Version 12.00
# Visual Studio Version 17
VisualStudioVersion = 17.4.33110.190
MinimumVisualStudioVersion = 10.0.40219.1
Project("{9A19103F-16F7-4668-BE54-9A1E7A4F7556}") = "lr2_ServiceStation", "data\lr2_ServiceStation.csproj", "{5C3FF1B7-1887-499B-A314-D709239CCF80}"
EndProject
Global
	GlobalSection(SolutionConfigurationPlatforms) = preSolution
		Debug|Any CPU = Debug|Any CPU
		Release|Any CPU = Release|Any CPU
	EndGlobalSection
	GlobalSection(ProjectConfigurationPlatforms) = postSolution
		{5C3FF1B7-1887-499B-A314-D709239CCF80}.Debug|Any CPU.ActiveCfg = Debug|Any CPU
		{5C3FF1B7-1887-499B-A314-D709239CCF80}.Debug|Any CPU.Build.0 = Debug|Any CPU
		{5C3FF1B7-1887-499B-A314-D709239CCF80}.Release|Any CPU.ActiveCfg = Release|Any CPU
		{5C3FF1B7-1887-499B-A314-D709239CCF80}.Release|Any CPU.Build.0 = Release|Any CPU
	EndGlobalSection
	GlobalSection(SolutionProperties) = preSolution
		HideSolutionNode = FALSE
	EndGlobalSection
	GlobalSection(ExtensibilityGlobals) = postSolution
		SolutionGuid = {D5DDFDAF-1C68-4976-9958-84CD28754A5D}
	EndGlobalSection
EndGlobal
